
Microsoft Visual Studio Solution File, Format Version 12.00
# Visual Studio 15
VisualStudioVersion = 15.0.28307.329
MinimumVisualStudioVersion = 10.0.40219.1
Project("{FAE04EC0-301F-11D3-BF4B-00C04F79EFBC}") = "SalesWebMvc", "SalesWebMvc\SalesWebMvc.csproj", "{6EAC9A78-744B-470E-A643-7C4B18837BDD}"
EndProject
Global
	GlobalSection(SolutionConfigurationPlatforms) = preSolution
		Debug|Any CPU = Debug|Any CPU
		Release|Any CPU = Release|Any CPU
	EndGlobalSection
	GlobalSection(ProjectConfigurationPlatforms) = postSolution
		{6EAC9A78-744B-470E-A643-7C4B18837BDD}.Debug|Any CPU.ActiveCfg = Debug|Any CPU
		{6EAC9A78-744B-470E-A643-7C4B18837BDD}.Debug|Any CPU.Build.0 = Debug|Any CPU
		{6EAC9A78-744B-470E-A643-7C4B18837BDD}.Release|Any CPU.ActiveCfg = Release|Any CPU
		{6EAC9A78-744B-470E-A643-7C4B18837BDD}.Release|Any CPU.Build.0 = Release|Any CPU
	EndGlobalSection
	GlobalSection(SolutionProperties) = preSolution
		HideSolutionNode = FALSE
	EndGlobalSection
	GlobalSection(ExtensibilityGlobals) = postSolution
		SolutionGuid = {87480CC0-D16D-4A50-92CF-D9831CF1FC52}
	EndGlobalSection
EndGlobal
